// !$*UTF8*$!
{
	archiveVersion = 1;
	classes = {
	};
	objectVersion = 46;
	objects = {

/* Begin PBXBuildFile section */
		A67EE4151F528EB200A8710F /* ipaddr.swift in Sources */ = {isa = PBXBuildFile; fileRef = A67EE4141F528EB200A8710F /* ipaddr.swift */; };
		E487F70D1F51D481004A729F /* AppDelegate.swift in Sources */ = {isa = PBXBuildFile; fileRef = E487F70C1F51D481004A729F /* AppDelegate.swift */; };
		E487F70F1F51D481004A729F /* ViewController.swift in Sources */ = {isa = PBXBuildFile; fileRef = E487F70E1F51D481004A729F /* ViewController.swift */; };
		E487F7121F51D481004A729F /* Main.storyboard in Resources */ = {isa = PBXBuildFile; fileRef = E487F7101F51D481004A729F /* Main.storyboard */; };
		E487F7141F51D481004A729F /* Assets.xcassets in Resources */ = {isa = PBXBuildFile; fileRef = E487F7131F51D481004A729F /* Assets.xcassets */; };
		E487F7171F51D481004A729F /* LaunchScreen.storyboard in Resources */ = {isa = PBXBuildFile; fileRef = E487F7151F51D481004A729F /* LaunchScreen.storyboard */; };
/* End PBXBuildFile section */

/* Begin PBXFileReference section */
		A67EE4141F528EB200A8710F /* ipaddr.swift */ = {isa = PBXFileReference; fileEncoding = 4; lastKnownFileType = sourcecode.swift; path = ipaddr.swift; sourceTree = "<group>"; };
		E487F7091F51D481004A729F /* IP Calculator.app */ = {isa = PBXFileReference; explicitFileType = wrapper.application; includeInIndex = 0; path = "IP Calculator.app"; sourceTree = BUILT_PRODUCTS_DIR; };
		E487F70C1F51D481004A729F /* AppDelegate.swift */ = {isa = PBXFileReference; lastKnownFileType = sourcecode.swift; path = AppDelegate.swift; sourceTree = "<group>"; };
		E487F70E1F51D481004A729F /* ViewController.swift */ = {isa = PBXFileReference; lastKnownFileType = sourcecode.swift; path = ViewController.swift; sourceTree = "<group>"; };
		E487F7111F51D481004A729F /* Base */ = {isa = PBXFileReference; lastKnownFileType = file.storyboard; name = Base; path = Base.lproj/Main.storyboard; sourceTree = "<group>"; };
		E487F7131F51D481004A729F /* Assets.xcassets */ = {isa = PBXFileReference; lastKnownFileType = folder.assetcatalog; path = Assets.xcassets; sourceTree = "<group>"; };
		E487F7161F51D481004A729F /* Base */ = {isa = PBXFileReference; lastKnownFileType = file.storyboard; name = Base; path = Base.lproj/LaunchScreen.storyboard; sourceTree = "<group>"; };
		E487F7181F51D481004A729F /* Info.plist */ = {isa = PBXFileReference; lastKnownFileType = text.plist.xml; path = Info.plist; sourceTree = "<group>"; };
/* End PBXFileReference section */

/* Begin PBXFrameworksBuildPhase section */
		E487F7061F51D481004A729F /* Frameworks */ = {
			isa = PBXFrameworksBuildPhase;
			buildActionMask = 2147483647;
			files = (
			);
			runOnlyForDeploymentPostprocessing = 0;
		};
/* End PBXFrameworksBuildPhase section */

/* Begin PBXGroup section */
		E487F7001F51D481004A729F = {
			isa = PBXGroup;
			children = (
				E487F70B1F51D481004A729F /* IP Calculator */,
				E487F70A1F51D481004A729F /* Products */,
			);
			sourceTree = "<group>";
		};
		E487F70A1F51D481004A729F /* Products */ = {
			isa = PBXGroup;
			children = (
				E487F7091F51D481004A729F /* IP Calculator.app */,
			);
			name = Products;
			sourceTree = "<group>";
		};
		E487F70B1F51D481004A729F /* IP Calculator */ = {
			isa = PBXGroup;
			children = (
				E487F70C1F51D481004A729F /* AppDelegate.swift */,
				E487F70E1F51D481004A729F /* ViewController.swift */,
				A67EE4141F528EB200A8710F /* ipaddr.swift */,
				E487F7101F51D481004A729F /* Main.storyboard */,
				E487F7131F51D481004A729F /* Assets.xcassets */,
				E487F7151F51D481004A729F /* LaunchScreen.storyboard */,
				E487F7181F51D481004A729F /* Info.plist */,
			);
			path = "IP Calculator";
			sourceTree = "<group>";
		};
/* End PBXGroup section */

/* Begin PBXNativeTarget section */
		E487F7081F51D481004A729F /* IP Calculator */ = {
			isa = PBXNativeTarget;
			buildConfigurationList = E487F71B1F51D481004A729F /* Build configuration list for PBXNativeTarget "IP Calculator" */;
			buildPhases = (
				E487F7051F51D481004A729F /* Sources */,
				E487F7061F51D481004A729F /* Frameworks */,
				E487F7071F51D481004A729F /* Resources */,
			);
			buildRules = (
			);
			dependencies = (
			);
			name = "IP Calculator";
			productName = "IP Calculator";
			productReference = E487F7091F51D481004A729F /* IP Calculator.app */;
			productType = "com.apple.product-type.application";
		};
/* End PBXNativeTarget section */

/* Begin PBXProject section */
		E487F7011F51D481004A729F /* Project object */ = {
			isa = PBXProject;
			attributes = {
				LastSwiftUpdateCheck = 0830;
				LastUpgradeCheck = 0830;
				ORGANIZATIONNAME = "AVB-IT";
				TargetAttributes = {
					E487F7081F51D481004A729F = {
						CreatedOnToolsVersion = 8.3.3;
						ProvisioningStyle = Automatic;
					};
				};
			};
			buildConfigurationList = E487F7041F51D481004A729F /* Build configuration list for PBXProject "IP Calculator" */;
			compatibilityVersion = "Xcode 3.2";
			developmentRegion = English;
			hasScannedForEncodings = 0;
			knownRegions = (
				en,
				Base,
			);
			mainGroup = E487F7001F51D481004A729F;
			productRefGroup = E487F70A1F51D481004A729F /* Products */;
			projectDirPath = "";
			projectRoot = "";
			targets = (
				E487F7081F51D481004A729F /* IP Calculator */,
			);
		};
/* End PBXProject section */

/* Begin PBXResourcesBuildPhase section */
		E487F7071F51D481004A729F /* Resources */ = {
			isa = PBXResourcesBuildPhase;
			buildActionMask = 2147483647;
			files = (
				E487F7171F51D481004A729F /* LaunchScreen.storyboard in Resources */,
				E487F7141F51D481004A729F /* Assets.xcassets in Resources */,
				E487F7121F51D481004A729F /* Main.storyboard in Resources */,
			);
			runOnlyForDeploymentPostprocessing = 0;
		};
/* End PBXResourcesBuildPhase section */

/* Begin PBXSourcesBuildPhase section */
		E487F7051F51D481004A729F /* Sources */ = {
			isa = PBXSourcesBuildPhase;
			buildActionMask = 2147483647;
			files = (
				A67EE4151F528EB200A8710F /* ipaddr.swift in Sources */,
				E487F70F1F51D481004A729F /* ViewController.swift in Sources */,
				E487F70D1F51D481004A729F /* AppDelegate.swift in Sources */,
			);
			runOnlyForDeploymentPostprocessing = 0;
		};
/* End PBXSourcesBuildPhase section */

/* Begin PBXVariantGroup section */
		E487F7101F51D481004A729F /* Main.storyboard */ = {
			isa = PBXVariantGroup;
			children = (
				E487F7111F51D481004A729F /* Base */,
			);
			name = Main.storyboard;
			sourceTree = "<group>";
		};
		E487F7151F51D481004A729F /* LaunchScreen.storyboard */ = {
			isa = PBXVariantGroup;
			children = (
				E487F7161F51D481004A729F /* Base */,
			);
			name = LaunchScreen.storyboard;
			sourceTree = "<group>";
		};
/* End PBXVariantGroup section */

/* Begin XCBuildConfiguration section */
		E487F7191F51D481004A729F /* Debug */ = {
			isa = XCBuildConfiguration;
			buildSettings = {
				ALWAYS_SEARCH_USER_PATHS = NO;
				CLANG_ANALYZER_NONNULL = YES;
				CLANG_ANALYZER_NUMBER_OBJECT_CONVERSION = YES_AGGRESSIVE;
				CLANG_CXX_LANGUAGE_STANDARD = "gnu++0x";
				CLANG_CXX_LIBRARY = "libc++";
				CLANG_ENABLE_MODULES = YES;
				CLANG_ENABLE_OBJC_ARC = YES;
				CLANG_WARN_BOOL_CONVERSION = YES;
				CLANG_WARN_CONSTANT_CONVERSION = YES;
				CLANG_WARN_DIRECT_OBJC_ISA_USAGE = YES_ERROR;
				CLANG_WARN_DOCUMENTATION_COMMENTS = YES;
				CLANG_WARN_EMPTY_BODY = YES;
				CLANG_WARN_ENUM_CONVERSION = YES;
				CLANG_WARN_INFINITE_RECURSION = YES;
				CLANG_WARN_INT_CONVERSION = YES;
				CLANG_WARN_OBJC_ROOT_CLASS = YES_ERROR;
				CLANG_WARN_SUSPICIOUS_MOVE = YES;
				CLANG_WARN_UNREACHABLE_CODE = YES;
				CLANG_WARN__DUPLICATE_METHOD_MATCH = YES;
				"CODE_SIGN_IDENTITY[sdk=iphoneos*]" = "iPhone Developer";
				COPY_PHASE_STRIP = NO;
				DEBUG_INFORMATION_FORMAT = dwarf;
				ENABLE_STRICT_OBJC_MSGSEND = YES;
				ENABLE_TESTABILITY = YES;
				GCC_C_LANGUAGE_STANDARD = gnu99;
				GCC_DYNAMIC_NO_PIC = NO;
				GCC_NO_COMMON_BLOCKS = YES;
				GCC_OPTIMIZATION_LEVEL = 0;
				GCC_PREPROCESSOR_DEFINITIONS = (
					"DEBUG=1",
					"$(inherited)",
				);
				GCC_WARN_64_TO_32_BIT_CONVERSION = YES;
				GCC_WARN_ABOUT_RETURN_TYPE = YES_ERROR;
				GCC_WARN_UNDECLARED_SELECTOR = YES;
				GCC_WARN_UNINITIALIZED_AUTOS = YES_AGGRESSIVE;
				GCC_WARN_UNUSED_FUNCTION = YES;
				GCC_WARN_UNUSED_VARIABLE = YES;
				IPHONEOS_DEPLOYMENT_TARGET = 10.3;
				MTL_ENABLE_DEBUG_INFO = YES;
				ONLY_ACTIVE_ARCH = YES;
				SDKROOT = iphoneos;
				SWIFT_ACTIVE_COMPILATION_CONDITIONS = DEBUG;
				SWIFT_OPTIMIZATION_LEVEL = "-Onone";
				TARGETED_DEVICE_FAMILY = "1,2";
			};
			name = Debug;
		};
		E487F71A1F51D481004A729F /* Release */ = {
			isa = XCBuildConfiguration;
			buildSettings = {
				ALWAYS_SEARCH_USER_PATHS = NO;
				CLANG_ANALYZER_NONNULL = YES;
				CLANG_ANALYZER_NUMBER_OBJECT_CONVERSION = YES_AGGRESSIVE;
				CLANG_CXX_LANGUAGE_STANDARD = "gnu++0x";
				CLANG_CXX_LIBRARY = "libc++";
				CLANG_ENABLE_MODULES = YES;
				CLANG_ENABLE_OBJC_ARC = YES;
				CLANG_WARN_BOOL_CONVERSION = YES;
				CLANG_WARN_CONSTANT_CONVERSION = YES;
				CLANG_WARN_DIRECT_OBJC_ISA_USAGE = YES_ERROR;
				CLANG_WARN_DOCUMENTATION_COMMENTS = YES;
				CLANG_WARN_EMPTY_BODY = YES;
				CLANG_WARN_ENUM_CONVERSION = YES;
				CLANG_WARN_INFINITE_RECURSION = YES;
				CLANG_WARN_INT_CONVERSION = YES;
				CLANG_WARN_OBJC_ROOT_CLASS = YES_ERROR;
				CLANG_WARN_SUSPICIOUS_MOVE = YES;
				CLANG_WARN_UNREACHABLE_CODE = YES;
				CLANG_WARN__DUPLICATE_METHOD_MATCH = YES;
				"CODE_SIGN_IDENTITY[sdk=iphoneos*]" = "iPhone Developer";
				COPY_PHASE_STRIP = NO;
				DEBUG_INFORMATION_FORMAT = "dwarf-with-dsym";
				ENABLE_NS_ASSERTIONS = NO;
				ENABLE_STRICT_OBJC_MSGSEND = YES;
				GCC_C_LANGUAGE_STANDARD = gnu99;
				GCC_NO_COMMON_BLOCKS = YES;
				GCC_WARN_64_TO_32_BIT_CONVERSION = YES;
				GCC_WARN_ABOUT_RETURN_TYPE = YES_ERROR;
				GCC_WARN_UNDECLARED_SELECTOR = YES;
				GCC_WARN_UNINITIALIZED_AUTOS = YES_AGGRESSIVE;
				GCC_WARN_UNUSED_FUNCTION = YES;
				GCC_WARN_UNUSED_VARIABLE = YES;
				IPHONEOS_DEPLOYMENT_TARGET = 10.3;
				MTL_ENABLE_DEBUG_INFO = NO;
				SDKROOT = iphoneos;
				SWIFT_OPTIMIZATION_LEVEL = "-Owholemodule";
				TARGETED_DEVICE_FAMILY = "1,2";
				VALIDATE_PRODUCT = YES;
			};
			name = Release;
		};
		E487F71C1F51D481004A729F /* Debug */ = {
			isa = XCBuildConfiguration;
			buildSettings = {
				ASSETCATALOG_COMPILER_APPICON_NAME = AppIcon;
				INFOPLIST_FILE = "IP Calculator/Info.plist";
				LD_RUNPATH_SEARCH_PATHS = "$(inherited) @executable_path/Frameworks";
				PRODUCT_BUNDLE_IDENTIFIER = "avb.IP-Calculator";
				PRODUCT_NAME = "$(TARGET_NAME)";
				SWIFT_VERSION = 3.0;
				TARGETED_DEVICE_FAMILY = "1,2";
			};
			name = Debug;
		};
		E487F71D1F51D481004A729F /* Release */ = {
			isa = XCBuildConfiguration;
			buildSettings = {
				ASSETCATALOG_COMPILER_APPICON_NAME = AppIcon;
				INFOPLIST_FILE = "IP Calculator/Info.plist";
				LD_RUNPATH_SEARCH_PATHS = "$(inherited) @executable_path/Frameworks";
				PRODUCT_BUNDLE_IDENTIFIER = "avb.IP-Calculator";
				PRODUCT_NAME = "$(TARGET_NAME)";
				SWIFT_VERSION = 3.0;
				TARGETED_DEVICE_FAMILY = "1,2";
			};
			name = Release;
		};
/* End XCBuildConfiguration section */

/* Begin XCConfigurationList section */
		E487F7041F51D481004A729F /* Build configuration list for PBXProject "IP Calculator" */ = {
			isa = XCConfigurationList;
			buildConfigurations = (
				E487F7191F51D481004A729F /* Debug */,
				E487F71A1F51D481004A729F /* Release */,
			);
			defaultConfigurationIsVisible = 0;
			defaultConfigurationName = Release;
		};
		E487F71B1F51D481004A729F /* Build configuration list for PBXNativeTarget "IP Calculator" */ = {
			isa = XCConfigurationList;
			buildConfigurations = (
				E487F71C1F51D481004A729F /* Debug */,
				E487F71D1F51D481004A729F /* Release */,
			);
			defaultConfigurationIsVisible = 0;
			defaultConfigurationName = Release;
		};
/* End XCConfigurationList section */
	};
	rootObject = E487F7011F51D481004A729F /* Project object */;
}
